
Microsoft Visual Studio Solution File, Format Version 12.00
# Visual Studio Version 17
VisualStudioVersion = 17.1.32421.90
MinimumVisualStudioVersion = 10.0.40219.1
Project("{FAE04EC0-301F-11D3-BF4B-00C04F79EFBC}") = "Lesson2", "Lesson2\Lesson2.csproj", "{EFE215E6-043B-49EA-AAC2-B7960125609C}"
EndProject
Global
	GlobalSection(SolutionConfigurationPlatforms) = preSolution
		Debug|Any CPU = Debug|Any CPU
		Release|Any CPU = Release|Any CPU
	EndGlobalSection
	GlobalSection(ProjectConfigurationPlatforms) = postSolution
		{EFE215E6-043B-49EA-AAC2-B7960125609C}.Debug|Any CPU.ActiveCfg = Debug|Any CPU
		{EFE215E6-043B-49EA-AAC2-B7960125609C}.Debug|Any CPU.Build.0 = Debug|Any CPU
		{EFE215E6-043B-49EA-AAC2-B7960125609C}.Release|Any CPU.ActiveCfg = Release|Any CPU
		{EFE215E6-043B-49EA-AAC2-B7960125609C}.Release|Any CPU.Build.0 = Release|Any CPU
	EndGlobalSection
	GlobalSection(SolutionProperties) = preSolution
		HideSolutionNode = FALSE
	EndGlobalSection
	GlobalSection(ExtensibilityGlobals) = postSolution
		SolutionGuid = {7D591658-1C77-4F45-85D3-B71A306EE848}
	EndGlobalSection
EndGlobal
