
Microsoft Visual Studio Solution File, Format Version 12.00
# Visual Studio Version 17
VisualStudioVersion = 17.2.32516.85
MinimumVisualStudioVersion = 10.0.40219.1
Project("{FAE04EC0-301F-11D3-BF4B-00C04F79EFBC}") = "dot_net6", "dot_net6\dot_net6.csproj", "{A2D21D7E-DDF8-4961-9C73-6BCDCB077829}"
EndProject
Global
	GlobalSection(SolutionConfigurationPlatforms) = preSolution
		Debug|Any CPU = Debug|Any CPU
		Release|Any CPU = Release|Any CPU
	EndGlobalSection
	GlobalSection(ProjectConfigurationPlatforms) = postSolution
		{A2D21D7E-DDF8-4961-9C73-6BCDCB077829}.Debug|Any CPU.ActiveCfg = Debug|Any CPU
		{A2D21D7E-DDF8-4961-9C73-6BCDCB077829}.Debug|Any CPU.Build.0 = Debug|Any CPU
		{A2D21D7E-DDF8-4961-9C73-6BCDCB077829}.Release|Any CPU.ActiveCfg = Release|Any CPU
		{A2D21D7E-DDF8-4961-9C73-6BCDCB077829}.Release|Any CPU.Build.0 = Release|Any CPU
	EndGlobalSection
	GlobalSection(SolutionProperties) = preSolution
		HideSolutionNode = FALSE
	EndGlobalSection
	GlobalSection(ExtensibilityGlobals) = postSolution
		SolutionGuid = {48FF1DDC-EF1C-407A-BFF9-555D85803F34}
	EndGlobalSection
EndGlobal
