
Microsoft Visual Studio Solution File, Format Version 12.00
# Visual Studio Version 17
VisualStudioVersion = 17.2.32516.85
MinimumVisualStudioVersion = 10.0.40219.1
Project("{FAE04EC0-301F-11D3-BF4B-00C04F79EFBC}") = "ViewModel_DTO", "ViewModel_DTO\ViewModel_DTO.csproj", "{4E5A926E-947B-47AA-A444-17FE68421679}"
EndProject
Global
	GlobalSection(SolutionConfigurationPlatforms) = preSolution
		Debug|Any CPU = Debug|Any CPU
		Release|Any CPU = Release|Any CPU
	EndGlobalSection
	GlobalSection(ProjectConfigurationPlatforms) = postSolution
		{4E5A926E-947B-47AA-A444-17FE68421679}.Debug|Any CPU.ActiveCfg = Debug|Any CPU
		{4E5A926E-947B-47AA-A444-17FE68421679}.Debug|Any CPU.Build.0 = Debug|Any CPU
		{4E5A926E-947B-47AA-A444-17FE68421679}.Release|Any CPU.ActiveCfg = Release|Any CPU
		{4E5A926E-947B-47AA-A444-17FE68421679}.Release|Any CPU.Build.0 = Release|Any CPU
	EndGlobalSection
	GlobalSection(SolutionProperties) = preSolution
		HideSolutionNode = FALSE
	EndGlobalSection
	GlobalSection(ExtensibilityGlobals) = postSolution
		SolutionGuid = {84644459-9548-43C7-99F5-E892807F07B0}
	EndGlobalSection
EndGlobal
